// !$*UTF8*$!
{
	archiveVersion = 1;
	classes = {
	};
	objectVersion = 46;
	objects = {

/* Begin PBXBuildFile section */
		3C0A51D21F47C89B0003FCB3 /* AppDelegate.swift in Sources */ = {isa = PBXBuildFile; fileRef = 3C0A51D11F47C89B0003FCB3 /* AppDelegate.swift */; };
		3C0A51D71F47C89B0003FCB3 /* Main.storyboard in Resources */ = {isa = PBXBuildFile; fileRef = 3C0A51D51F47C89B0003FCB3 /* Main.storyboard */; };
		3C0A51D91F47C89B0003FCB3 /* Assets.xcassets in Resources */ = {isa = PBXBuildFile; fileRef = 3C0A51D81F47C89B0003FCB3 /* Assets.xcassets */; };
		3C0A51DC1F47C89B0003FCB3 /* LaunchScreen.storyboard in Resources */ = {isa = PBXBuildFile; fileRef = 3C0A51DA1F47C89B0003FCB3 /* LaunchScreen.storyboard */; };
		3C0A51E71F47C9510003FCB3 /* SWRevealViewController.m in Sources */ = {isa = PBXBuildFile; fileRef = 3C0A51E61F47C9510003FCB3 /* SWRevealViewController.m */; };
		3C0A84681F4945F400EBB4DF /* AuthServices.swift in Sources */ = {isa = PBXBuildFile; fileRef = 3C0A84661F493AE700EBB4DF /* AuthServices.swift */; };
		3C0A846A1F494A1B00EBB4DF /* RoundedButton.swift in Sources */ = {isa = PBXBuildFile; fileRef = 3C0A84691F494A1B00EBB4DF /* RoundedButton.swift */; };
		3C0A846C1F495CE500EBB4DF /* UserDataService.swift in Sources */ = {isa = PBXBuildFile; fileRef = 3C0A846B1F495CE500EBB4DF /* UserDataService.swift */; };
		3C0A846E1F49674A00EBB4DF /* AvatarCell.swift in Sources */ = {isa = PBXBuildFile; fileRef = 3C0A846D1F49674A00EBB4DF /* AvatarCell.swift */; };
		3C0A84701F49697A00EBB4DF /* AvatarPickerVC.swift in Sources */ = {isa = PBXBuildFile; fileRef = 3C0A846F1F49697A00EBB4DF /* AvatarPickerVC.swift */; };
		3C0CB2EA1F47CAB7004AA4FC /* ChatVC.swift in Sources */ = {isa = PBXBuildFile; fileRef = 3C0CB2E91F47CAB7004AA4FC /* ChatVC.swift */; };
		3C0CB2EC1F47CACB004AA4FC /* ChannelVC.swift in Sources */ = {isa = PBXBuildFile; fileRef = 3C0CB2EB1F47CACB004AA4FC /* ChannelVC.swift */; };
		3C0CB2EE1F47D366004AA4FC /* GradientView.swift in Sources */ = {isa = PBXBuildFile; fileRef = 3C0CB2ED1F47D366004AA4FC /* GradientView.swift */; };
		3C0CB2F11F47E37F004AA4FC /* Constants.swift in Sources */ = {isa = PBXBuildFile; fileRef = 3C0CB2F01F47E37F004AA4FC /* Constants.swift */; };
		3C0CB2F31F47E9CF004AA4FC /* LoginVC.swift in Sources */ = {isa = PBXBuildFile; fileRef = 3C0CB2F21F47E9CF004AA4FC /* LoginVC.swift */; };
		3C0CB2F51F47F470004AA4FC /* CreateAccountVC.swift in Sources */ = {isa = PBXBuildFile; fileRef = 3C0CB2F41F47F470004AA4FC /* CreateAccountVC.swift */; };
		3C24B77B1F4BBBF9006155C2 /* ProfileVC.swift in Sources */ = {isa = PBXBuildFile; fileRef = 3C24B7791F4BBBF9006155C2 /* ProfileVC.swift */; };
		3C24B77C1F4BBBF9006155C2 /* ProfileVC.xib in Resources */ = {isa = PBXBuildFile; fileRef = 3C24B77A1F4BBBF9006155C2 /* ProfileVC.xib */; };
		3C59E9321F4A63E900289BD7 /* CircleImage.swift in Sources */ = {isa = PBXBuildFile; fileRef = 3C59E9311F4A63E900289BD7 /* CircleImage.swift */; };
		3CA128AB1F4E474700BE770B /* MessageService.swift in Sources */ = {isa = PBXBuildFile; fileRef = 3CA128AA1F4E474700BE770B /* MessageService.swift */; };
		3CA128AD1F4E486000BE770B /* Channel.swift in Sources */ = {isa = PBXBuildFile; fileRef = 3CA128AC1F4E486000BE770B /* Channel.swift */; };
		3CA128B01F4E568700BE770B /* ChannelCell.swift in Sources */ = {isa = PBXBuildFile; fileRef = 3CA128AF1F4E568700BE770B /* ChannelCell.swift */; };
		3CA128B31F4E5F7900BE770B /* AddChannelVC.swift in Sources */ = {isa = PBXBuildFile; fileRef = 3CA128B11F4E5F7900BE770B /* AddChannelVC.swift */; };
		3CA128B41F4E5F7900BE770B /* AddChannelVC.xib in Resources */ = {isa = PBXBuildFile; fileRef = 3CA128B21F4E5F7900BE770B /* AddChannelVC.xib */; };
		3CC2048F1F510DD300D81D85 /* SocketService.swift in Sources */ = {isa = PBXBuildFile; fileRef = 3CC2048E1F510DD300D81D85 /* SocketService.swift */; };
		B5C66748A86E9F6F3528833C /* Pods_Smack.framework in Frameworks */ = {isa = PBXBuildFile; fileRef = D18BB3C90AA7472553AE107E /* Pods_Smack.framework */; };
/* End PBXBuildFile section */

/* Begin PBXFileReference section */
		3753F24147A7B328CE2BD5F7 /* Pods-Smack.debug.xcconfig */ = {isa = PBXFileReference; includeInIndex = 1; lastKnownFileType = text.xcconfig; name = "Pods-Smack.debug.xcconfig"; path = "Pods/Target Support Files/Pods-Smack/Pods-Smack.debug.xcconfig"; sourceTree = "<group>"; };
		3C0A51CE1F47C89B0003FCB3 /* Smack.app */ = {isa = PBXFileReference; explicitFileType = wrapper.application; includeInIndex = 0; path = Smack.app; sourceTree = BUILT_PRODUCTS_DIR; };
		3C0A51D11F47C89B0003FCB3 /* AppDelegate.swift */ = {isa = PBXFileReference; lastKnownFileType = sourcecode.swift; path = AppDelegate.swift; sourceTree = "<group>"; };
		3C0A51D61F47C89B0003FCB3 /* Base */ = {isa = PBXFileReference; lastKnownFileType = file.storyboard; name = Base; path = Base.lproj/Main.storyboard; sourceTree = "<group>"; };
		3C0A51D81F47C89B0003FCB3 /* Assets.xcassets */ = {isa = PBXFileReference; lastKnownFileType = folder.assetcatalog; path = Assets.xcassets; sourceTree = "<group>"; };
		3C0A51DB1F47C89B0003FCB3 /* Base */ = {isa = PBXFileReference; lastKnownFileType = file.storyboard; name = Base; path = Base.lproj/LaunchScreen.storyboard; sourceTree = "<group>"; };
		3C0A51DD1F47C89C0003FCB3 /* Info.plist */ = {isa = PBXFileReference; lastKnownFileType = text.plist.xml; path = Info.plist; sourceTree = "<group>"; };
		3C0A51E41F47C9500003FCB3 /* Smack-Bridging-Header.h */ = {isa = PBXFileReference; lastKnownFileType = sourcecode.c.h; path = "Smack-Bridging-Header.h"; sourceTree = "<group>"; };
		3C0A51E51F47C9510003FCB3 /* SWRevealViewController.h */ = {isa = PBXFileReference; fileEncoding = 4; lastKnownFileType = sourcecode.c.h; path = SWRevealViewController.h; sourceTree = "<group>"; };
		3C0A51E61F47C9510003FCB3 /* SWRevealViewController.m */ = {isa = PBXFileReference; fileEncoding = 4; lastKnownFileType = sourcecode.c.objc; path = SWRevealViewController.m; sourceTree = "<group>"; };
		3C0A84661F493AE700EBB4DF /* AuthServices.swift */ = {isa = PBXFileReference; fileEncoding = 4; lastKnownFileType = sourcecode.swift; path = AuthServices.swift; sourceTree = "<group>"; };
		3C0A84691F494A1B00EBB4DF /* RoundedButton.swift */ = {isa = PBXFileReference; fileEncoding = 4; lastKnownFileType = sourcecode.swift; path = RoundedButton.swift; sourceTree = "<group>"; };
		3C0A846B1F495CE500EBB4DF /* UserDataService.swift */ = {isa = PBXFileReference; fileEncoding = 4; lastKnownFileType = sourcecode.swift; path = UserDataService.swift; sourceTree = "<group>"; };
		3C0A846D1F49674A00EBB4DF /* AvatarCell.swift */ = {isa = PBXFileReference; fileEncoding = 4; lastKnownFileType = sourcecode.swift; path = AvatarCell.swift; sourceTree = "<group>"; };
		3C0A846F1F49697A00EBB4DF /* AvatarPickerVC.swift */ = {isa = PBXFileReference; fileEncoding = 4; lastKnownFileType = sourcecode.swift; path = AvatarPickerVC.swift; sourceTree = "<group>"; };
		3C0CB2E91F47CAB7004AA4FC /* ChatVC.swift */ = {isa = PBXFileReference; fileEncoding = 4; lastKnownFileType = sourcecode.swift; path = ChatVC.swift; sourceTree = "<group>"; };
		3C0CB2EB1F47CACB004AA4FC /* ChannelVC.swift */ = {isa = PBXFileReference; fileEncoding = 4; lastKnownFileType = sourcecode.swift; path = ChannelVC.swift; sourceTree = "<group>"; };
		3C0CB2ED1F47D366004AA4FC /* GradientView.swift */ = {isa = PBXFileReference; fileEncoding = 4; lastKnownFileType = sourcecode.swift; path = GradientView.swift; sourceTree = "<group>"; };
		3C0CB2F01F47E37F004AA4FC /* Constants.swift */ = {isa = PBXFileReference; fileEncoding = 4; lastKnownFileType = sourcecode.swift; path = Constants.swift; sourceTree = "<group>"; };
		3C0CB2F21F47E9CF004AA4FC /* LoginVC.swift */ = {isa = PBXFileReference; fileEncoding = 4; lastKnownFileType = sourcecode.swift; path = LoginVC.swift; sourceTree = "<group>"; };
		3C0CB2F41F47F470004AA4FC /* CreateAccountVC.swift */ = {isa = PBXFileReference; fileEncoding = 4; lastKnownFileType = sourcecode.swift; path = CreateAccountVC.swift; sourceTree = "<group>"; };
		3C24B7791F4BBBF9006155C2 /* ProfileVC.swift */ = {isa = PBXFileReference; fileEncoding = 4; lastKnownFileType = sourcecode.swift; path = ProfileVC.swift; sourceTree = "<group>"; };
		3C24B77A1F4BBBF9006155C2 /* ProfileVC.xib */ = {isa = PBXFileReference; fileEncoding = 4; lastKnownFileType = file.xib; path = ProfileVC.xib; sourceTree = "<group>"; };
		3C59E9311F4A63E900289BD7 /* CircleImage.swift */ = {isa = PBXFileReference; fileEncoding = 4; lastKnownFileType = sourcecode.swift; path = CircleImage.swift; sourceTree = "<group>"; };
		3CA128AA1F4E474700BE770B /* MessageService.swift */ = {isa = PBXFileReference; fileEncoding = 4; lastKnownFileType = sourcecode.swift; path = MessageService.swift; sourceTree = "<group>"; };
		3CA128AC1F4E486000BE770B /* Channel.swift */ = {isa = PBXFileReference; fileEncoding = 4; lastKnownFileType = sourcecode.swift; path = Channel.swift; sourceTree = "<group>"; };
		3CA128AF1F4E568700BE770B /* ChannelCell.swift */ = {isa = PBXFileReference; fileEncoding = 4; lastKnownFileType = sourcecode.swift; path = ChannelCell.swift; sourceTree = "<group>"; };
		3CA128B11F4E5F7900BE770B /* AddChannelVC.swift */ = {isa = PBXFileReference; fileEncoding = 4; lastKnownFileType = sourcecode.swift; path = AddChannelVC.swift; sourceTree = "<group>"; };
		3CA128B21F4E5F7900BE770B /* AddChannelVC.xib */ = {isa = PBXFileReference; fileEncoding = 4; lastKnownFileType = file.xib; path = AddChannelVC.xib; sourceTree = "<group>"; };
		3CC2048E1F510DD300D81D85 /* SocketService.swift */ = {isa = PBXFileReference; lastKnownFileType = sourcecode.swift; path = SocketService.swift; sourceTree = "<group>"; };
		3D858D542A28046227C861F2 /* Pods-Smack.release.xcconfig */ = {isa = PBXFileReference; includeInIndex = 1; lastKnownFileType = text.xcconfig; name = "Pods-Smack.release.xcconfig"; path = "Pods/Target Support Files/Pods-Smack/Pods-Smack.release.xcconfig"; sourceTree = "<group>"; };
		D18BB3C90AA7472553AE107E /* Pods_Smack.framework */ = {isa = PBXFileReference; explicitFileType = wrapper.framework; includeInIndex = 0; path = Pods_Smack.framework; sourceTree = BUILT_PRODUCTS_DIR; };
/* End PBXFileReference section */

/* Begin PBXFrameworksBuildPhase section */
		3C0A51CB1F47C89B0003FCB3 /* Frameworks */ = {
			isa = PBXFrameworksBuildPhase;
			buildActionMask = 2147483647;
			files = (
				B5C66748A86E9F6F3528833C /* Pods_Smack.framework in Frameworks */,
			);
			runOnlyForDeploymentPostprocessing = 0;
		};
/* End PBXFrameworksBuildPhase section */

/* Begin PBXGroup section */
		3C0A51C51F47C89B0003FCB3 = {
			isa = PBXGroup;
			children = (
				3C0A51D01F47C89B0003FCB3 /* Smack */,
				3C0A51CF1F47C89B0003FCB3 /* Products */,
				DC9D02D0CCFC4CA12176CFD0 /* Pods */,
				BF1891DCF429C1E8850CDDDF /* Frameworks */,
			);
			sourceTree = "<group>";
		};
		3C0A51CF1F47C89B0003FCB3 /* Products */ = {
			isa = PBXGroup;
			children = (
				3C0A51CE1F47C89B0003FCB3 /* Smack.app */,
			);
			name = Products;
			sourceTree = "<group>";
		};
		3C0A51D01F47C89B0003FCB3 /* Smack */ = {
			isa = PBXGroup;
			children = (
				3C24B77D1F4BBBFF006155C2 /* XIBs */,
				3C0A84651F493ABB00EBB4DF /* Services */,
				3C0CB2EF1F47E31D004AA4FC /* Utilities */,
				3C0A51EA1F47C9920003FCB3 /* Model */,
				3C0A51E91F47C98D0003FCB3 /* View */,
				3C0A51E81F47C9820003FCB3 /* Controller */,
				3C0A51E31F47C9310003FCB3 /* Supporting Files */,
				3C0A51D11F47C89B0003FCB3 /* AppDelegate.swift */,
				3C0A51D51F47C89B0003FCB3 /* Main.storyboard */,
				3C0A51D81F47C89B0003FCB3 /* Assets.xcassets */,
				3C0A51DA1F47C89B0003FCB3 /* LaunchScreen.storyboard */,
				3C0A51DD1F47C89C0003FCB3 /* Info.plist */,
			);
			path = Smack;
			sourceTree = "<group>";
		};
		3C0A51E31F47C9310003FCB3 /* Supporting Files */ = {
			isa = PBXGroup;
			children = (
				3C0A51E51F47C9510003FCB3 /* SWRevealViewController.h */,
				3C0A51E61F47C9510003FCB3 /* SWRevealViewController.m */,
				3C0A51E41F47C9500003FCB3 /* Smack-Bridging-Header.h */,
			);
			name = "Supporting Files";
			sourceTree = "<group>";
		};
		3C0A51E81F47C9820003FCB3 /* Controller */ = {
			isa = PBXGroup;
			children = (
				3C0CB2E91F47CAB7004AA4FC /* ChatVC.swift */,
				3C0CB2EB1F47CACB004AA4FC /* ChannelVC.swift */,
				3C0CB2F21F47E9CF004AA4FC /* LoginVC.swift */,
				3C0CB2F41F47F470004AA4FC /* CreateAccountVC.swift */,
				3C0A846F1F49697A00EBB4DF /* AvatarPickerVC.swift */,
				3C24B7791F4BBBF9006155C2 /* ProfileVC.swift */,
				3CA128B11F4E5F7900BE770B /* AddChannelVC.swift */,
			);
			name = Controller;
			sourceTree = "<group>";
		};
		3C0A51E91F47C98D0003FCB3 /* View */ = {
			isa = PBXGroup;
			children = (
				3C0CB2ED1F47D366004AA4FC /* GradientView.swift */,
				3C0A84691F494A1B00EBB4DF /* RoundedButton.swift */,
				3C0A846D1F49674A00EBB4DF /* AvatarCell.swift */,
				3C59E9311F4A63E900289BD7 /* CircleImage.swift */,
				3CA128AF1F4E568700BE770B /* ChannelCell.swift */,
			);
			name = View;
			sourceTree = "<group>";
		};
		3C0A51EA1F47C9920003FCB3 /* Model */ = {
			isa = PBXGroup;
			children = (
				3CA128AC1F4E486000BE770B /* Channel.swift */,
			);
			name = Model;
			sourceTree = "<group>";
		};
		3C0A84651F493ABB00EBB4DF /* Services */ = {
			isa = PBXGroup;
			children = (
				3C0A84661F493AE700EBB4DF /* AuthServices.swift */,
				3C0A846B1F495CE500EBB4DF /* UserDataService.swift */,
				3CA128AA1F4E474700BE770B /* MessageService.swift */,
				3CC2048E1F510DD300D81D85 /* SocketService.swift */,
			);
			name = Services;
			sourceTree = "<group>";
		};
		3C0CB2EF1F47E31D004AA4FC /* Utilities */ = {
			isa = PBXGroup;
			children = (
				3C0CB2F01F47E37F004AA4FC /* Constants.swift */,
			);
			name = Utilities;
			sourceTree = "<group>";
		};
		3C24B77D1F4BBBFF006155C2 /* XIBs */ = {
			isa = PBXGroup;
			children = (
				3C24B77A1F4BBBF9006155C2 /* ProfileVC.xib */,
				3CA128B21F4E5F7900BE770B /* AddChannelVC.xib */,
			);
			name = XIBs;
			sourceTree = "<group>";
		};
		BF1891DCF429C1E8850CDDDF /* Frameworks */ = {
			isa = PBXGroup;
			children = (
				D18BB3C90AA7472553AE107E /* Pods_Smack.framework */,
			);
			name = Frameworks;
			sourceTree = "<group>";
		};
		DC9D02D0CCFC4CA12176CFD0 /* Pods */ = {
			isa = PBXGroup;
			children = (
				3753F24147A7B328CE2BD5F7 /* Pods-Smack.debug.xcconfig */,
				3D858D542A28046227C861F2 /* Pods-Smack.release.xcconfig */,
			);
			name = Pods;
			sourceTree = "<group>";
		};
/* End PBXGroup section */

/* Begin PBXNativeTarget section */
		3C0A51CD1F47C89B0003FCB3 /* Smack */ = {
			isa = PBXNativeTarget;
			buildConfigurationList = 3C0A51E01F47C89C0003FCB3 /* Build configuration list for PBXNativeTarget "Smack" */;
			buildPhases = (
				7198800B27BDB27EC8255CD2 /* [CP] Check Pods Manifest.lock */,
				3C0A51CA1F47C89B0003FCB3 /* Sources */,
				3C0A51CB1F47C89B0003FCB3 /* Frameworks */,
				3C0A51CC1F47C89B0003FCB3 /* Resources */,
				8E26C45EF747F9725F48E210 /* [CP] Embed Pods Frameworks */,
				5CB5914739478D994FE649F6 /* [CP] Copy Pods Resources */,
			);
			buildRules = (
			);
			dependencies = (
			);
			name = Smack;
			productName = Smack;
			productReference = 3C0A51CE1F47C89B0003FCB3 /* Smack.app */;
			productType = "com.apple.product-type.application";
		};
/* End PBXNativeTarget section */

/* Begin PBXProject section */
		3C0A51C61F47C89B0003FCB3 /* Project object */ = {
			isa = PBXProject;
			attributes = {
				LastSwiftUpdateCheck = 0830;
				LastUpgradeCheck = 0830;
				ORGANIZATIONNAME = "Sanjay Vekariya";
				TargetAttributes = {
					3C0A51CD1F47C89B0003FCB3 = {
						CreatedOnToolsVersion = 8.3.3;
						DevelopmentTeam = JMKMFC5486;
						LastSwiftMigration = 0830;
						ProvisioningStyle = Automatic;
					};
				};
			};
			buildConfigurationList = 3C0A51C91F47C89B0003FCB3 /* Build configuration list for PBXProject "Smack" */;
			compatibilityVersion = "Xcode 3.2";
			developmentRegion = English;
			hasScannedForEncodings = 0;
			knownRegions = (
				en,
				Base,
			);
			mainGroup = 3C0A51C51F47C89B0003FCB3;
			productRefGroup = 3C0A51CF1F47C89B0003FCB3 /* Products */;
			projectDirPath = "";
			projectRoot = "";
			targets = (
				3C0A51CD1F47C89B0003FCB3 /* Smack */,
			);
		};
/* End PBXProject section */

/* Begin PBXResourcesBuildPhase section */
		3C0A51CC1F47C89B0003FCB3 /* Resources */ = {
			isa = PBXResourcesBuildPhase;
			buildActionMask = 2147483647;
			files = (
				3CA128B41F4E5F7900BE770B /* AddChannelVC.xib in Resources */,
				3C24B77C1F4BBBF9006155C2 /* ProfileVC.xib in Resources */,
				3C0A51DC1F47C89B0003FCB3 /* LaunchScreen.storyboard in Resources */,
				3C0A51D91F47C89B0003FCB3 /* Assets.xcassets in Resources */,
				3C0A51D71F47C89B0003FCB3 /* Main.storyboard in Resources */,
			);
			runOnlyForDeploymentPostprocessing = 0;
		};
/* End PBXResourcesBuildPhase section */

/* Begin PBXShellScriptBuildPhase section */
		5CB5914739478D994FE649F6 /* [CP] Copy Pods Resources */ = {
			isa = PBXShellScriptBuildPhase;
			buildActionMask = 2147483647;
			files = (
			);
			inputPaths = (
			);
			name = "[CP] Copy Pods Resources";
			outputPaths = (
			);
			runOnlyForDeploymentPostprocessing = 0;
			shellPath = /bin/sh;
			shellScript = "\"${SRCROOT}/Pods/Target Support Files/Pods-Smack/Pods-Smack-resources.sh\"\n";
			showEnvVarsInLog = 0;
		};
		7198800B27BDB27EC8255CD2 /* [CP] Check Pods Manifest.lock */ = {
			isa = PBXShellScriptBuildPhase;
			buildActionMask = 2147483647;
			files = (
			);
			inputPaths = (
			);
			name = "[CP] Check Pods Manifest.lock";
			outputPaths = (
			);
			runOnlyForDeploymentPostprocessing = 0;
			shellPath = /bin/sh;
			shellScript = "diff \"${PODS_ROOT}/../Podfile.lock\" \"${PODS_ROOT}/Manifest.lock\" > /dev/null\nif [ $? != 0 ] ; then\n    # print error to STDERR\n    echo \"error: The sandbox is not in sync with the Podfile.lock. Run 'pod install' or update your CocoaPods installation.\" >&2\n    exit 1\nfi\n";
			showEnvVarsInLog = 0;
		};
		8E26C45EF747F9725F48E210 /* [CP] Embed Pods Frameworks */ = {
			isa = PBXShellScriptBuildPhase;
			buildActionMask = 2147483647;
			files = (
			);
			inputPaths = (
			);
			name = "[CP] Embed Pods Frameworks";
			outputPaths = (
			);
			runOnlyForDeploymentPostprocessing = 0;
			shellPath = /bin/sh;
			shellScript = "\"${SRCROOT}/Pods/Target Support Files/Pods-Smack/Pods-Smack-frameworks.sh\"\n";
			showEnvVarsInLog = 0;
		};
/* End PBXShellScriptBuildPhase section */

/* Begin PBXSourcesBuildPhase section */
		3C0A51CA1F47C89B0003FCB3 /* Sources */ = {
			isa = PBXSourcesBuildPhase;
			buildActionMask = 2147483647;
			files = (
				3CC2048F1F510DD300D81D85 /* SocketService.swift in Sources */,
				3C24B77B1F4BBBF9006155C2 /* ProfileVC.swift in Sources */,
				3CA128B01F4E568700BE770B /* ChannelCell.swift in Sources */,
				3C0CB2EC1F47CACB004AA4FC /* ChannelVC.swift in Sources */,
				3C0A846A1F494A1B00EBB4DF /* RoundedButton.swift in Sources */,
				3C0CB2EA1F47CAB7004AA4FC /* ChatVC.swift in Sources */,
				3C59E9321F4A63E900289BD7 /* CircleImage.swift in Sources */,
				3CA128AB1F4E474700BE770B /* MessageService.swift in Sources */,
				3C0A846C1F495CE500EBB4DF /* UserDataService.swift in Sources */,
				3C0CB2F51F47F470004AA4FC /* CreateAccountVC.swift in Sources */,
				3C0CB2F31F47E9CF004AA4FC /* LoginVC.swift in Sources */,
				3C0CB2EE1F47D366004AA4FC /* GradientView.swift in Sources */,
				3C0A51D21F47C89B0003FCB3 /* AppDelegate.swift in Sources */,
				3CA128AD1F4E486000BE770B /* Channel.swift in Sources */,
				3CA128B31F4E5F7900BE770B /* AddChannelVC.swift in Sources */,
				3C0A84681F4945F400EBB4DF /* AuthServices.swift in Sources */,
				3C0A51E71F47C9510003FCB3 /* SWRevealViewController.m in Sources */,
				3C0A846E1F49674A00EBB4DF /* AvatarCell.swift in Sources */,
				3C0CB2F11F47E37F004AA4FC /* Constants.swift in Sources */,
				3C0A84701F49697A00EBB4DF /* AvatarPickerVC.swift in Sources */,
			);
			runOnlyForDeploymentPostprocessing = 0;
		};
/* End PBXSourcesBuildPhase section */

/* Begin PBXVariantGroup section */
		3C0A51D51F47C89B0003FCB3 /* Main.storyboard */ = {
			isa = PBXVariantGroup;
			children = (
				3C0A51D61F47C89B0003FCB3 /* Base */,
			);
			name = Main.storyboard;
			sourceTree = "<group>";
		};
		3C0A51DA1F47C89B0003FCB3 /* LaunchScreen.storyboard */ = {
			isa = PBXVariantGroup;
			children = (
				3C0A51DB1F47C89B0003FCB3 /* Base */,
			);
			name = LaunchScreen.storyboard;
			sourceTree = "<group>";
		};
/* End PBXVariantGroup section */

/* Begin XCBuildConfiguration section */
		3C0A51DE1F47C89C0003FCB3 /* Debug */ = {
			isa = XCBuildConfiguration;
			buildSettings = {
				ALWAYS_SEARCH_USER_PATHS = NO;
				CLANG_ANALYZER_NONNULL = YES;
				CLANG_ANALYZER_NUMBER_OBJECT_CONVERSION = YES_AGGRESSIVE;
				CLANG_CXX_LANGUAGE_STANDARD = "gnu++0x";
				CLANG_CXX_LIBRARY = "libc++";
				CLANG_ENABLE_MODULES = YES;
				CLANG_ENABLE_OBJC_ARC = YES;
				CLANG_WARN_BOOL_CONVERSION = YES;
				CLANG_WARN_CONSTANT_CONVERSION = YES;
				CLANG_WARN_DIRECT_OBJC_ISA_USAGE = YES_ERROR;
				CLANG_WARN_DOCUMENTATION_COMMENTS = YES;
				CLANG_WARN_EMPTY_BODY = YES;
				CLANG_WARN_ENUM_CONVERSION = YES;
				CLANG_WARN_INFINITE_RECURSION = YES;
				CLANG_WARN_INT_CONVERSION = YES;
				CLANG_WARN_OBJC_ROOT_CLASS = YES_ERROR;
				CLANG_WARN_SUSPICIOUS_MOVE = YES;
				CLANG_WARN_UNREACHABLE_CODE = YES;
				CLANG_WARN__DUPLICATE_METHOD_MATCH = YES;
				"CODE_SIGN_IDENTITY[sdk=iphoneos*]" = "iPhone Developer";
				COPY_PHASE_STRIP = NO;
				DEBUG_INFORMATION_FORMAT = dwarf;
				ENABLE_STRICT_OBJC_MSGSEND = YES;
				ENABLE_TESTABILITY = YES;
				GCC_C_LANGUAGE_STANDARD = gnu99;
				GCC_DYNAMIC_NO_PIC = NO;
				GCC_NO_COMMON_BLOCKS = YES;
				GCC_OPTIMIZATION_LEVEL = 0;
				GCC_PREPROCESSOR_DEFINITIONS = (
					"DEBUG=1",
					"$(inherited)",
				);
				GCC_WARN_64_TO_32_BIT_CONVERSION = YES;
				GCC_WARN_ABOUT_RETURN_TYPE = YES_ERROR;
				GCC_WARN_UNDECLARED_SELECTOR = YES;
				GCC_WARN_UNINITIALIZED_AUTOS = YES_AGGRESSIVE;
				GCC_WARN_UNUSED_FUNCTION = YES;
				GCC_WARN_UNUSED_VARIABLE = YES;
				IPHONEOS_DEPLOYMENT_TARGET = 10.3;
				MTL_ENABLE_DEBUG_INFO = YES;
				ONLY_ACTIVE_ARCH = YES;
				SDKROOT = iphoneos;
				SWIFT_ACTIVE_COMPILATION_CONDITIONS = DEBUG;
				SWIFT_OPTIMIZATION_LEVEL = "-Onone";
				TARGETED_DEVICE_FAMILY = "1,2";
			};
			name = Debug;
		};
		3C0A51DF1F47C89C0003FCB3 /* Release */ = {
			isa = XCBuildConfiguration;
			buildSettings = {
				ALWAYS_SEARCH_USER_PATHS = NO;
				CLANG_ANALYZER_NONNULL = YES;
				CLANG_ANALYZER_NUMBER_OBJECT_CONVERSION = YES_AGGRESSIVE;
				CLANG_CXX_LANGUAGE_STANDARD = "gnu++0x";
				CLANG_CXX_LIBRARY = "libc++";
				CLANG_ENABLE_MODULES = YES;
				CLANG_ENABLE_OBJC_ARC = YES;
				CLANG_WARN_BOOL_CONVERSION = YES;
				CLANG_WARN_CONSTANT_CONVERSION = YES;
				CLANG_WARN_DIRECT_OBJC_ISA_USAGE = YES_ERROR;
				CLANG_WARN_DOCUMENTATION_COMMENTS = YES;
				CLANG_WARN_EMPTY_BODY = YES;
				CLANG_WARN_ENUM_CONVERSION = YES;
				CLANG_WARN_INFINITE_RECURSION = YES;
				CLANG_WARN_INT_CONVERSION = YES;
				CLANG_WARN_OBJC_ROOT_CLASS = YES_ERROR;
				CLANG_WARN_SUSPICIOUS_MOVE = YES;
				CLANG_WARN_UNREACHABLE_CODE = YES;
				CLANG_WARN__DUPLICATE_METHOD_MATCH = YES;
				"CODE_SIGN_IDENTITY[sdk=iphoneos*]" = "iPhone Developer";
				COPY_PHASE_STRIP = NO;
				DEBUG_INFORMATION_FORMAT = "dwarf-with-dsym";
				ENABLE_NS_ASSERTIONS = NO;
				ENABLE_STRICT_OBJC_MSGSEND = YES;
				GCC_C_LANGUAGE_STANDARD = gnu99;
				GCC_NO_COMMON_BLOCKS = YES;
				GCC_WARN_64_TO_32_BIT_CONVERSION = YES;
				GCC_WARN_ABOUT_RETURN_TYPE = YES_ERROR;
				GCC_WARN_UNDECLARED_SELECTOR = YES;
				GCC_WARN_UNINITIALIZED_AUTOS = YES_AGGRESSIVE;
				GCC_WARN_UNUSED_FUNCTION = YES;
				GCC_WARN_UNUSED_VARIABLE = YES;
				IPHONEOS_DEPLOYMENT_TARGET = 10.3;
				MTL_ENABLE_DEBUG_INFO = NO;
				SDKROOT = iphoneos;
				SWIFT_OPTIMIZATION_LEVEL = "-Owholemodule";
				TARGETED_DEVICE_FAMILY = "1,2";
				VALIDATE_PRODUCT = YES;
			};
			name = Release;
		};
		3C0A51E11F47C89C0003FCB3 /* Debug */ = {
			isa = XCBuildConfiguration;
			baseConfigurationReference = 3753F24147A7B328CE2BD5F7 /* Pods-Smack.debug.xcconfig */;
			buildSettings = {
				ASSETCATALOG_COMPILER_APPICON_NAME = AppIcon;
				CLANG_ENABLE_MODULES = YES;
				DEVELOPMENT_TEAM = JMKMFC5486;
				INFOPLIST_FILE = Smack/Info.plist;
				LD_RUNPATH_SEARCH_PATHS = "$(inherited) @executable_path/Frameworks";
				PRODUCT_BUNDLE_IDENTIFIER = worldwideinc.Smack;
				PRODUCT_NAME = "$(TARGET_NAME)";
				SWIFT_OBJC_BRIDGING_HEADER = "Smack/Smack-Bridging-Header.h";
				SWIFT_OPTIMIZATION_LEVEL = "-Onone";
				SWIFT_VERSION = 3.0;
			};
			name = Debug;
		};
		3C0A51E21F47C89C0003FCB3 /* Release */ = {
			isa = XCBuildConfiguration;
			baseConfigurationReference = 3D858D542A28046227C861F2 /* Pods-Smack.release.xcconfig */;
			buildSettings = {
				ASSETCATALOG_COMPILER_APPICON_NAME = AppIcon;
				CLANG_ENABLE_MODULES = YES;
				DEVELOPMENT_TEAM = JMKMFC5486;
				INFOPLIST_FILE = Smack/Info.plist;
				LD_RUNPATH_SEARCH_PATHS = "$(inherited) @executable_path/Frameworks";
				PRODUCT_BUNDLE_IDENTIFIER = worldwideinc.Smack;
				PRODUCT_NAME = "$(TARGET_NAME)";
				SWIFT_OBJC_BRIDGING_HEADER = "Smack/Smack-Bridging-Header.h";
				SWIFT_VERSION = 3.0;
			};
			name = Release;
		};
/* End XCBuildConfiguration section */

/* Begin XCConfigurationList section */
		3C0A51C91F47C89B0003FCB3 /* Build configuration list for PBXProject "Smack" */ = {
			isa = XCConfigurationList;
			buildConfigurations = (
				3C0A51DE1F47C89C0003FCB3 /* Debug */,
				3C0A51DF1F47C89C0003FCB3 /* Release */,
			);
			defaultConfigurationIsVisible = 0;
			defaultConfigurationName = Release;
		};
		3C0A51E01F47C89C0003FCB3 /* Build configuration list for PBXNativeTarget "Smack" */ = {
			isa = XCConfigurationList;
			buildConfigurations = (
				3C0A51E11F47C89C0003FCB3 /* Debug */,
				3C0A51E21F47C89C0003FCB3 /* Release */,
			);
			defaultConfigurationIsVisible = 0;
			defaultConfigurationName = Release;
		};
/* End XCConfigurationList section */
	};
	rootObject = 3C0A51C61F47C89B0003FCB3 /* Project object */;
}
